<?xml version="1.0" encoding="utf-8"?>
<Project ToolsVersion="4.0" xmlns="http://schemas.microsoft.com/developer/msbuild/2003">
  <ItemGroup>
    <Filter Include="Source Files">
      <UniqueIdentifier>{4FC737F1-C7A5-4376-A066-2A32D752A2FF}</UniqueIdentifier>
      <Extensions>cpp;c;cc;cxx;def;odl;idl;hpj;bat;asm;asmx</Extensions>
    </Filter>
    <Filter Include="Header Files">
      <UniqueIdentifier>{93995380-89BD-4b04-88EB-625FBE52EBFB}</UniqueIdentifier>
      <Extensions>h;hh;hpp;hxx;hm;inl;inc;ipp;xsd</Extensions>
    </Filter>
    <Filter Include="Resource Files">
      <UniqueIdentifier>{67DA6AB6-F800-4c08-8B7A-83BB121AAD01}</UniqueIdentifier>
      <Extensions>rc;ico;cur;bmp;dlg;rc2;rct;bin;rgs;gif;jpg;jpeg;jpe;resx;tiff;tif;png;wav;mfcribbon-ms</Extensions>
    </Filter>
  </ItemGroup>
  <ItemGroup>
    <ClInclude Include="inc\CalculateKey.h">
      <Filter>Header Files</Filter>
    </ClInclude>
    <ClInclude Include="inc\CompareKey.h">
      <Filter>Header Files</Filter>
    </ClInclude>
    <ClInclude Include="inc\ComputeShortestPath.h">
      <Filter>Header Files</Filter>
    </ClInclude>
    <ClInclude Include="inc\GeneratePath.h">
      <Filter>Header Files</Filter>
    </ClInclude>
    <ClInclude Include="inc\GetBoundary.h">
      <Filter>Header Files</Filter>
    </ClInclude>
    <ClInclude Include="inc\GetMinKey.h">
      <Filter>Header Files</Filter>
    </ClInclude>
    <ClInclude Include="inc\GetObstacleCover.h">
      <Filter>Header Files</Filter>
    </ClInclude>
    <ClInclude Include="inc\Initialize.h">
      <Filter>Header Files</Filter>
    </ClInclude>
    <ClInclude Include="inc\isInList.h">
      <Filter>Header Files</Filter>
    </ClInclude>
    <ClInclude Include="inc\isSamePosition.h">
      <Filter>Header Files</Filter>
    </ClInclude>
    <ClInclude Include="inc\main.h">
      <Filter>Header Files</Filter>
    </ClInclude>
    <ClInclude Include="inc\rtwtypes.h">
      <Filter>Header Files</Filter>
    </ClInclude>
    <ClInclude Include="inc\UpdateVertex.h">
      <Filter>Header Files</Filter>
    </ClInclude>
    <ClInclude Include="inc\rhs_cal.h">
      <Filter>Header Files</Filter>
    </ClInclude>
    <ClInclude Include="inc\UpdateRegion.h">
      <Filter>Header Files</Filter>
    </ClInclude>
    <ClInclude Include="inc\UpdateEdgeCost.h">
      <Filter>Header Files</Filter>
    </ClInclude>
  </ItemGroup>
  <ItemGroup>
    <ClCompile Include="src\CalculateKey.cpp">
      <Filter>Source Files</Filter>
    </ClCompile>
    <ClCompile Include="src\CompareKey.cpp">
      <Filter>Source Files</Filter>
    </ClCompile>
    <ClCompile Include="src\ComputeShortestPath.cpp">
      <Filter>Source Files</Filter>
    </ClCompile>
    <ClCompile Include="src\GeneratePath.cpp">
      <Filter>Source Files</Filter>
    </ClCompile>
    <ClCompile Include="src\GetBoundary.cpp">
      <Filter>Source Files</Filter>
    </ClCompile>
    <ClCompile Include="src\GetMinKey.cpp">
      <Filter>Source Files</Filter>
    </ClCompile>
    <ClCompile Include="src\GetObstacleCover.cpp">
      <Filter>Source Files</Filter>
    </ClCompile>
    <ClCompile Include="src\Initialize.cpp">
      <Filter>Source Files</Filter>
    </ClCompile>
    <ClCompile Include="src\isInList.cpp">
      <Filter>Source Files</Filter>
    </ClCompile>
    <ClCompile Include="src\isSamePosition.cpp">
      <Filter>Source Files</Filter>
    </ClCompile>
    <ClCompile Include="src\UpdateVertex.cpp">
      <Filter>Source Files</Filter>
    </ClCompile>
    <ClCompile Include="main.cpp">
      <Filter>Source Files</Filter>
    </ClCompile>
    <ClCompile Include="src\rhs_cal.cpp">
      <Filter>Source Files</Filter>
    </ClCompile>
    <ClCompile Include="src\UpdateRegion.cpp">
      <Filter>Source Files</Filter>
    </ClCompile>
    <ClCompile Include="src\UpdateEdgeCost.cpp">
      <Filter>Source Files</Filter>
    </ClCompile>
  </ItemGroup>
</Project>